// !$*UTF8*$!
{
	archiveVersion = 1;
	classes = {
	};
	objectVersion = 55;
	objects = {

/* Begin PBXBuildFile section */
		D0372D9B288038E700523FEE /* UIView Extantion.swift in Sources */ = {isa = PBXBuildFile; fileRef = D0372D9A288038E600523FEE /* UIView Extantion.swift */; };
		D0372D9D28803D3B00523FEE /* UILabel Extention.swift in Sources */ = {isa = PBXBuildFile; fileRef = D0372D9C28803D3B00523FEE /* UILabel Extention.swift */; };
		D0372D9F28803DA700523FEE /* UIScrollView Extention.swift in Sources */ = {isa = PBXBuildFile; fileRef = D0372D9E28803DA700523FEE /* UIScrollView Extention.swift */; };
		D091F1E6287D62400011143C /* AppDelegate.swift in Sources */ = {isa = PBXBuildFile; fileRef = D091F1E5287D62400011143C /* AppDelegate.swift */; };
		D091F1E8287D62400011143C /* SceneDelegate.swift in Sources */ = {isa = PBXBuildFile; fileRef = D091F1E7287D62400011143C /* SceneDelegate.swift */; };
		D091F1EA287D62400011143C /* AuthViewController.swift in Sources */ = {isa = PBXBuildFile; fileRef = D091F1E9287D62400011143C /* AuthViewController.swift */; };
		D091F1EF287D624A0011143C /* Assets.xcassets in Resources */ = {isa = PBXBuildFile; fileRef = D091F1EE287D624A0011143C /* Assets.xcassets */; };
		D091F1F2287D624A0011143C /* LaunchScreen.storyboard in Resources */ = {isa = PBXBuildFile; fileRef = D091F1F0287D624A0011143C /* LaunchScreen.storyboard */; };
		D091F1FA287D644E0011143C /* UIColor Extention.swift in Sources */ = {isa = PBXBuildFile; fileRef = D091F1F9287D644E0011143C /* UIColor Extention.swift */; };
		D091F1FF287D7E380011143C /* Runic.ttf in Resources */ = {isa = PBXBuildFile; fileRef = D091F1FC287D7E380011143C /* Runic.ttf */; };
		D091F200287D7E380011143C /* COPYRIGHT.txt in Resources */ = {isa = PBXBuildFile; fileRef = D091F1FD287D7E380011143C /* COPYRIGHT.txt */; };
		D091F201287D7E380011143C /* Runic AltNo_0.ttf in Resources */ = {isa = PBXBuildFile; fileRef = D091F1FE287D7E380011143C /* Runic AltNo_0.ttf */; };
		D091F203287D80BB0011143C /* UIFont Extention.swift in Sources */ = {isa = PBXBuildFile; fileRef = D091F202287D80BB0011143C /* UIFont Extention.swift */; };
		D091F208287D848E0011143C /* StatusLabel.swift in Sources */ = {isa = PBXBuildFile; fileRef = D091F207287D848E0011143C /* StatusLabel.swift */; };
		D091F20A287D883F0011143C /* TextField.swift in Sources */ = {isa = PBXBuildFile; fileRef = D091F209287D883F0011143C /* TextField.swift */; };
		D091F20C287D9BF50011143C /* UISegmentedControl Extention.swift in Sources */ = {isa = PBXBuildFile; fileRef = D091F20B287D9BF50011143C /* UISegmentedControl Extention.swift */; };
		D091F20E287D9DAD0011143C /* GengerSegmented.swift in Sources */ = {isa = PBXBuildFile; fileRef = D091F20D287D9DAD0011143C /* GengerSegmented.swift */; };
		D0D89C87287EA8A500D8B12F /* OnboardingViewController.swift in Sources */ = {isa = PBXBuildFile; fileRef = D0D89C86287EA8A500D8B12F /* OnboardingViewController.swift */; };
		D0DC53DBCE9F0FB70BDC15DF /* Pods_Pass_to_Valhalla.framework in Frameworks */ = {isa = PBXBuildFile; fileRef = DC7787E5516D54CCA1F73511 /* Pods_Pass_to_Valhalla.framework */; };
/* End PBXBuildFile section */

/* Begin PBXFileReference section */
		7D97E29C4702A3150C072DF2 /* Pods-Pass to Valhalla.debug.xcconfig */ = {isa = PBXFileReference; includeInIndex = 1; lastKnownFileType = text.xcconfig; name = "Pods-Pass to Valhalla.debug.xcconfig"; path = "Target Support Files/Pods-Pass to Valhalla/Pods-Pass to Valhalla.debug.xcconfig"; sourceTree = "<group>"; };
		D0372D9A288038E600523FEE /* UIView Extantion.swift */ = {isa = PBXFileReference; lastKnownFileType = sourcecode.swift; path = "UIView Extantion.swift"; sourceTree = "<group>"; };
		D0372D9C28803D3B00523FEE /* UILabel Extention.swift */ = {isa = PBXFileReference; lastKnownFileType = sourcecode.swift; path = "UILabel Extention.swift"; sourceTree = "<group>"; };
		D0372D9E28803DA700523FEE /* UIScrollView Extention.swift */ = {isa = PBXFileReference; lastKnownFileType = sourcecode.swift; path = "UIScrollView Extention.swift"; sourceTree = "<group>"; };
		D091F1E2287D62400011143C /* Pass to Valhalla.app */ = {isa = PBXFileReference; explicitFileType = wrapper.application; includeInIndex = 0; path = "Pass to Valhalla.app"; sourceTree = BUILT_PRODUCTS_DIR; };
		D091F1E5287D62400011143C /* AppDelegate.swift */ = {isa = PBXFileReference; lastKnownFileType = sourcecode.swift; path = AppDelegate.swift; sourceTree = "<group>"; };
		D091F1E7287D62400011143C /* SceneDelegate.swift */ = {isa = PBXFileReference; lastKnownFileType = sourcecode.swift; path = SceneDelegate.swift; sourceTree = "<group>"; };
		D091F1E9287D62400011143C /* AuthViewController.swift */ = {isa = PBXFileReference; lastKnownFileType = sourcecode.swift; path = AuthViewController.swift; sourceTree = "<group>"; };
		D091F1EE287D624A0011143C /* Assets.xcassets */ = {isa = PBXFileReference; lastKnownFileType = folder.assetcatalog; path = Assets.xcassets; sourceTree = "<group>"; };
		D091F1F1287D624A0011143C /* Base */ = {isa = PBXFileReference; lastKnownFileType = file.storyboard; name = Base; path = Base.lproj/LaunchScreen.storyboard; sourceTree = "<group>"; };
		D091F1F3287D624A0011143C /* Info.plist */ = {isa = PBXFileReference; lastKnownFileType = text.plist.xml; path = Info.plist; sourceTree = "<group>"; };
		D091F1F9287D644E0011143C /* UIColor Extention.swift */ = {isa = PBXFileReference; lastKnownFileType = sourcecode.swift; path = "UIColor Extention.swift"; sourceTree = "<group>"; };
		D091F1FC287D7E380011143C /* Runic.ttf */ = {isa = PBXFileReference; lastKnownFileType = file; path = Runic.ttf; sourceTree = "<group>"; };
		D091F1FD287D7E380011143C /* COPYRIGHT.txt */ = {isa = PBXFileReference; fileEncoding = 4; lastKnownFileType = text; path = COPYRIGHT.txt; sourceTree = "<group>"; };
		D091F1FE287D7E380011143C /* Runic AltNo_0.ttf */ = {isa = PBXFileReference; lastKnownFileType = file; path = "Runic AltNo_0.ttf"; sourceTree = "<group>"; };
		D091F202287D80BB0011143C /* UIFont Extention.swift */ = {isa = PBXFileReference; lastKnownFileType = sourcecode.swift; path = "UIFont Extention.swift"; sourceTree = "<group>"; };
		D091F207287D848E0011143C /* StatusLabel.swift */ = {isa = PBXFileReference; lastKnownFileType = sourcecode.swift; path = StatusLabel.swift; sourceTree = "<group>"; };
		D091F209287D883F0011143C /* TextField.swift */ = {isa = PBXFileReference; lastKnownFileType = sourcecode.swift; path = TextField.swift; sourceTree = "<group>"; };
		D091F20B287D9BF50011143C /* UISegmentedControl Extention.swift */ = {isa = PBXFileReference; lastKnownFileType = sourcecode.swift; path = "UISegmentedControl Extention.swift"; sourceTree = "<group>"; };
		D091F20D287D9DAD0011143C /* GengerSegmented.swift */ = {isa = PBXFileReference; lastKnownFileType = sourcecode.swift; path = GengerSegmented.swift; sourceTree = "<group>"; };
		D0D89C86287EA8A500D8B12F /* OnboardingViewController.swift */ = {isa = PBXFileReference; lastKnownFileType = sourcecode.swift; path = OnboardingViewController.swift; sourceTree = "<group>"; };
		DC7787E5516D54CCA1F73511 /* Pods_Pass_to_Valhalla.framework */ = {isa = PBXFileReference; explicitFileType = wrapper.framework; includeInIndex = 0; path = Pods_Pass_to_Valhalla.framework; sourceTree = BUILT_PRODUCTS_DIR; };
		E3771184BB44FA7FA99C8F6C /* Pods-Pass to Valhalla.release.xcconfig */ = {isa = PBXFileReference; includeInIndex = 1; lastKnownFileType = text.xcconfig; name = "Pods-Pass to Valhalla.release.xcconfig"; path = "Target Support Files/Pods-Pass to Valhalla/Pods-Pass to Valhalla.release.xcconfig"; sourceTree = "<group>"; };
/* End PBXFileReference section */

/* Begin PBXFrameworksBuildPhase section */
		D091F1DF287D62400011143C /* Frameworks */ = {
			isa = PBXFrameworksBuildPhase;
			buildActionMask = 2147483647;
			files = (
				D0DC53DBCE9F0FB70BDC15DF /* Pods_Pass_to_Valhalla.framework in Frameworks */,
			);
			runOnlyForDeploymentPostprocessing = 0;
		};
/* End PBXFrameworksBuildPhase section */

/* Begin PBXGroup section */
		1AC9B4C3DED686574DD6A8A3 /* Frameworks */ = {
			isa = PBXGroup;
			children = (
				DC7787E5516D54CCA1F73511 /* Pods_Pass_to_Valhalla.framework */,
			);
			name = Frameworks;
			sourceTree = "<group>";
		};
		D091F1D9287D62400011143C = {
			isa = PBXGroup;
			children = (
				D091F1E4287D62400011143C /* Pass to Valhalla */,
				D091F1E3287D62400011143C /* Products */,
				D359873E77D6F807705E12FB /* Pods */,
				1AC9B4C3DED686574DD6A8A3 /* Frameworks */,
			);
			sourceTree = "<group>";
		};
		D091F1E3287D62400011143C /* Products */ = {
			isa = PBXGroup;
			children = (
				D091F1E2287D62400011143C /* Pass to Valhalla.app */,
			);
			name = Products;
			sourceTree = "<group>";
		};
		D091F1E4287D62400011143C /* Pass to Valhalla */ = {
			isa = PBXGroup;
			children = (
				D091F1E5287D62400011143C /* AppDelegate.swift */,
				D091F1E7287D62400011143C /* SceneDelegate.swift */,
				D091F1E9287D62400011143C /* AuthViewController.swift */,
				D091F206287D847D0011143C /* View */,
				D0D89C85287EA84A00D8B12F /* Onboarding */,
				D091F204287D84670011143C /* Helpers */,
				D091F1FB287D7E090011143C /* Fonts */,
				D091F1EE287D624A0011143C /* Assets.xcassets */,
				D091F1F0287D624A0011143C /* LaunchScreen.storyboard */,
				D091F1F3287D624A0011143C /* Info.plist */,
			);
			path = "Pass to Valhalla";
			sourceTree = "<group>";
		};
		D091F1FB287D7E090011143C /* Fonts */ = {
			isa = PBXGroup;
			children = (
				D091F1FD287D7E380011143C /* COPYRIGHT.txt */,
				D091F1FE287D7E380011143C /* Runic AltNo_0.ttf */,
				D091F1FC287D7E380011143C /* Runic.ttf */,
			);
			path = Fonts;
			sourceTree = "<group>";
		};
		D091F204287D84670011143C /* Helpers */ = {
			isa = PBXGroup;
			children = (
				D091F205287D84740011143C /* UIKit */,
			);
			path = Helpers;
			sourceTree = "<group>";
		};
		D091F205287D84740011143C /* UIKit */ = {
			isa = PBXGroup;
			children = (
				D091F1F9287D644E0011143C /* UIColor Extention.swift */,
				D0372D9A288038E600523FEE /* UIView Extantion.swift */,
				D091F202287D80BB0011143C /* UIFont Extention.swift */,
				D0372D9C28803D3B00523FEE /* UILabel Extention.swift */,
				D0372D9E28803DA700523FEE /* UIScrollView Extention.swift */,
				D091F20B287D9BF50011143C /* UISegmentedControl Extention.swift */,
			);
			path = UIKit;
			sourceTree = "<group>";
		};
		D091F206287D847D0011143C /* View */ = {
			isa = PBXGroup;
			children = (
				D091F207287D848E0011143C /* StatusLabel.swift */,
				D091F209287D883F0011143C /* TextField.swift */,
				D091F20D287D9DAD0011143C /* GengerSegmented.swift */,
			);
			path = View;
			sourceTree = "<group>";
		};
		D0D89C85287EA84A00D8B12F /* Onboarding */ = {
			isa = PBXGroup;
			children = (
				D0D89C86287EA8A500D8B12F /* OnboardingViewController.swift */,
			);
			path = Onboarding;
			sourceTree = "<group>";
		};
		D359873E77D6F807705E12FB /* Pods */ = {
			isa = PBXGroup;
			children = (
				7D97E29C4702A3150C072DF2 /* Pods-Pass to Valhalla.debug.xcconfig */,
				E3771184BB44FA7FA99C8F6C /* Pods-Pass to Valhalla.release.xcconfig */,
			);
			path = Pods;
			sourceTree = "<group>";
		};
/* End PBXGroup section */

/* Begin PBXNativeTarget section */
		D091F1E1287D62400011143C /* Pass to Valhalla */ = {
			isa = PBXNativeTarget;
			buildConfigurationList = D091F1F6287D624A0011143C /* Build configuration list for PBXNativeTarget "Pass to Valhalla" */;
			buildPhases = (
				38222EE0185AD6B2BD4C06B2 /* [CP] Check Pods Manifest.lock */,
				D091F1DE287D62400011143C /* Sources */,
				D091F1DF287D62400011143C /* Frameworks */,
				D091F1E0287D62400011143C /* Resources */,
				C9C9F04B759965D560609A1B /* [CP] Embed Pods Frameworks */,
			);
			buildRules = (
			);
			dependencies = (
			);
			name = "Pass to Valhalla";
			productName = "Pass to Valhalla";
			productReference = D091F1E2287D62400011143C /* Pass to Valhalla.app */;
			productType = "com.apple.product-type.application";
		};
/* End PBXNativeTarget section */

/* Begin PBXProject section */
		D091F1DA287D62400011143C /* Project object */ = {
			isa = PBXProject;
			attributes = {
				BuildIndependentTargetsInParallel = 1;
				LastSwiftUpdateCheck = 1340;
				LastUpgradeCheck = 1340;
				TargetAttributes = {
					D091F1E1287D62400011143C = {
						CreatedOnToolsVersion = 13.4.1;
					};
				};
			};
			buildConfigurationList = D091F1DD287D62400011143C /* Build configuration list for PBXProject "Pass to Valhalla" */;
			compatibilityVersion = "Xcode 13.0";
			developmentRegion = en;
			hasScannedForEncodings = 0;
			knownRegions = (
				en,
				Base,
			);
			mainGroup = D091F1D9287D62400011143C;
			productRefGroup = D091F1E3287D62400011143C /* Products */;
			projectDirPath = "";
			projectRoot = "";
			targets = (
				D091F1E1287D62400011143C /* Pass to Valhalla */,
			);
		};
/* End PBXProject section */

/* Begin PBXResourcesBuildPhase section */
		D091F1E0287D62400011143C /* Resources */ = {
			isa = PBXResourcesBuildPhase;
			buildActionMask = 2147483647;
			files = (
				D091F200287D7E380011143C /* COPYRIGHT.txt in Resources */,
				D091F1F2287D624A0011143C /* LaunchScreen.storyboard in Resources */,
				D091F1FF287D7E380011143C /* Runic.ttf in Resources */,
				D091F1EF287D624A0011143C /* Assets.xcassets in Resources */,
				D091F201287D7E380011143C /* Runic AltNo_0.ttf in Resources */,
			);
			runOnlyForDeploymentPostprocessing = 0;
		};
/* End PBXResourcesBuildPhase section */

/* Begin PBXShellScriptBuildPhase section */
		38222EE0185AD6B2BD4C06B2 /* [CP] Check Pods Manifest.lock */ = {
			isa = PBXShellScriptBuildPhase;
			buildActionMask = 2147483647;
			files = (
			);
			inputFileListPaths = (
			);
			inputPaths = (
				"${PODS_PODFILE_DIR_PATH}/Podfile.lock",
				"${PODS_ROOT}/Manifest.lock",
			);
			name = "[CP] Check Pods Manifest.lock";
			outputFileListPaths = (
			);
			outputPaths = (
				"$(DERIVED_FILE_DIR)/Pods-Pass to Valhalla-checkManifestLockResult.txt",
			);
			runOnlyForDeploymentPostprocessing = 0;
			shellPath = /bin/sh;
			shellScript = "diff \"${PODS_PODFILE_DIR_PATH}/Podfile.lock\" \"${PODS_ROOT}/Manifest.lock\" > /dev/null\nif [ $? != 0 ] ; then\n    # print error to STDERR\n    echo \"error: The sandbox is not in sync with the Podfile.lock. Run 'pod install' or update your CocoaPods installation.\" >&2\n    exit 1\nfi\n# This output is used by Xcode 'outputs' to avoid re-running this script phase.\necho \"SUCCESS\" > \"${SCRIPT_OUTPUT_FILE_0}\"\n";
			showEnvVarsInLog = 0;
		};
		C9C9F04B759965D560609A1B /* [CP] Embed Pods Frameworks */ = {
			isa = PBXShellScriptBuildPhase;
			buildActionMask = 2147483647;
			files = (
			);
			inputFileListPaths = (
				"${PODS_ROOT}/Target Support Files/Pods-Pass to Valhalla/Pods-Pass to Valhalla-frameworks-${CONFIGURATION}-input-files.xcfilelist",
			);
			name = "[CP] Embed Pods Frameworks";
			outputFileListPaths = (
				"${PODS_ROOT}/Target Support Files/Pods-Pass to Valhalla/Pods-Pass to Valhalla-frameworks-${CONFIGURATION}-output-files.xcfilelist",
			);
			runOnlyForDeploymentPostprocessing = 0;
			shellPath = /bin/sh;
			shellScript = "\"${PODS_ROOT}/Target Support Files/Pods-Pass to Valhalla/Pods-Pass to Valhalla-frameworks.sh\"\n";
			showEnvVarsInLog = 0;
		};
/* End PBXShellScriptBuildPhase section */

/* Begin PBXSourcesBuildPhase section */
		D091F1DE287D62400011143C /* Sources */ = {
			isa = PBXSourcesBuildPhase;
			buildActionMask = 2147483647;
			files = (
				D091F1EA287D62400011143C /* AuthViewController.swift in Sources */,
				D0372D9B288038E700523FEE /* UIView Extantion.swift in Sources */,
				D091F20E287D9DAD0011143C /* GengerSegmented.swift in Sources */,
				D091F203287D80BB0011143C /* UIFont Extention.swift in Sources */,
				D091F1FA287D644E0011143C /* UIColor Extention.swift in Sources */,
				D091F20A287D883F0011143C /* TextField.swift in Sources */,
				D0372D9F28803DA700523FEE /* UIScrollView Extention.swift in Sources */,
				D091F1E6287D62400011143C /* AppDelegate.swift in Sources */,
				D091F208287D848E0011143C /* StatusLabel.swift in Sources */,
				D0D89C87287EA8A500D8B12F /* OnboardingViewController.swift in Sources */,
				D091F20C287D9BF50011143C /* UISegmentedControl Extention.swift in Sources */,
				D0372D9D28803D3B00523FEE /* UILabel Extention.swift in Sources */,
				D091F1E8287D62400011143C /* SceneDelegate.swift in Sources */,
			);
			runOnlyForDeploymentPostprocessing = 0;
		};
/* End PBXSourcesBuildPhase section */

/* Begin PBXVariantGroup section */
		D091F1F0287D624A0011143C /* LaunchScreen.storyboard */ = {
			isa = PBXVariantGroup;
			children = (
				D091F1F1287D624A0011143C /* Base */,
			);
			name = LaunchScreen.storyboard;
			sourceTree = "<group>";
		};
/* End PBXVariantGroup section */

/* Begin XCBuildConfiguration section */
		D091F1F4287D624A0011143C /* Debug */ = {
			isa = XCBuildConfiguration;
			buildSettings = {
				ALWAYS_SEARCH_USER_PATHS = NO;
				CLANG_ANALYZER_NONNULL = YES;
				CLANG_ANALYZER_NUMBER_OBJECT_CONVERSION = YES_AGGRESSIVE;
				CLANG_CXX_LANGUAGE_STANDARD = "gnu++17";
				CLANG_ENABLE_MODULES = YES;
				CLANG_ENABLE_OBJC_ARC = YES;
				CLANG_ENABLE_OBJC_WEAK = YES;
				CLANG_WARN_BLOCK_CAPTURE_AUTORELEASING = YES;
				CLANG_WARN_BOOL_CONVERSION = YES;
				CLANG_WARN_COMMA = YES;
				CLANG_WARN_CONSTANT_CONVERSION = YES;
				CLANG_WARN_DEPRECATED_OBJC_IMPLEMENTATIONS = YES;
				CLANG_WARN_DIRECT_OBJC_ISA_USAGE = YES_ERROR;
				CLANG_WARN_DOCUMENTATION_COMMENTS = YES;
				CLANG_WARN_EMPTY_BODY = YES;
				CLANG_WARN_ENUM_CONVERSION = YES;
				CLANG_WARN_INFINITE_RECURSION = YES;
				CLANG_WARN_INT_CONVERSION = YES;
				CLANG_WARN_NON_LITERAL_NULL_CONVERSION = YES;
				CLANG_WARN_OBJC_IMPLICIT_RETAIN_SELF = YES;
				CLANG_WARN_OBJC_LITERAL_CONVERSION = YES;
				CLANG_WARN_OBJC_ROOT_CLASS = YES_ERROR;
				CLANG_WARN_QUOTED_INCLUDE_IN_FRAMEWORK_HEADER = YES;
				CLANG_WARN_RANGE_LOOP_ANALYSIS = YES;
				CLANG_WARN_STRICT_PROTOTYPES = YES;
				CLANG_WARN_SUSPICIOUS_MOVE = YES;
				CLANG_WARN_UNGUARDED_AVAILABILITY = YES_AGGRESSIVE;
				CLANG_WARN_UNREACHABLE_CODE = YES;
				CLANG_WARN__DUPLICATE_METHOD_MATCH = YES;
				COPY_PHASE_STRIP = NO;
				DEBUG_INFORMATION_FORMAT = dwarf;
				ENABLE_STRICT_OBJC_MSGSEND = YES;
				ENABLE_TESTABILITY = YES;
				GCC_C_LANGUAGE_STANDARD = gnu11;
				GCC_DYNAMIC_NO_PIC = NO;
				GCC_NO_COMMON_BLOCKS = YES;
				GCC_OPTIMIZATION_LEVEL = 0;
				GCC_PREPROCESSOR_DEFINITIONS = (
					"DEBUG=1",
					"$(inherited)",
				);
				GCC_WARN_64_TO_32_BIT_CONVERSION = YES;
				GCC_WARN_ABOUT_RETURN_TYPE = YES_ERROR;
				GCC_WARN_UNDECLARED_SELECTOR = YES;
				GCC_WARN_UNINITIALIZED_AUTOS = YES_AGGRESSIVE;
				GCC_WARN_UNUSED_FUNCTION = YES;
				GCC_WARN_UNUSED_VARIABLE = YES;
				IPHONEOS_DEPLOYMENT_TARGET = 15.5;
				MTL_ENABLE_DEBUG_INFO = INCLUDE_SOURCE;
				MTL_FAST_MATH = YES;
				ONLY_ACTIVE_ARCH = YES;
				SDKROOT = iphoneos;
				SWIFT_ACTIVE_COMPILATION_CONDITIONS = DEBUG;
				SWIFT_OPTIMIZATION_LEVEL = "-Onone";
			};
			name = Debug;
		};
		D091F1F5287D624A0011143C /* Release */ = {
			isa = XCBuildConfiguration;
			buildSettings = {
				ALWAYS_SEARCH_USER_PATHS = NO;
				CLANG_ANALYZER_NONNULL = YES;
				CLANG_ANALYZER_NUMBER_OBJECT_CONVERSION = YES_AGGRESSIVE;
				CLANG_CXX_LANGUAGE_STANDARD = "gnu++17";
				CLANG_ENABLE_MODULES = YES;
				CLANG_ENABLE_OBJC_ARC = YES;
				CLANG_ENABLE_OBJC_WEAK = YES;
				CLANG_WARN_BLOCK_CAPTURE_AUTORELEASING = YES;
				CLANG_WARN_BOOL_CONVERSION = YES;
				CLANG_WARN_COMMA = YES;
				CLANG_WARN_CONSTANT_CONVERSION = YES;
				CLANG_WARN_DEPRECATED_OBJC_IMPLEMENTATIONS = YES;
				CLANG_WARN_DIRECT_OBJC_ISA_USAGE = YES_ERROR;
				CLANG_WARN_DOCUMENTATION_COMMENTS = YES;
				CLANG_WARN_EMPTY_BODY = YES;
				CLANG_WARN_ENUM_CONVERSION = YES;
				CLANG_WARN_INFINITE_RECURSION = YES;
				CLANG_WARN_INT_CONVERSION = YES;
				CLANG_WARN_NON_LITERAL_NULL_CONVERSION = YES;
				CLANG_WARN_OBJC_IMPLICIT_RETAIN_SELF = YES;
				CLANG_WARN_OBJC_LITERAL_CONVERSION = YES;
				CLANG_WARN_OBJC_ROOT_CLASS = YES_ERROR;
				CLANG_WARN_QUOTED_INCLUDE_IN_FRAMEWORK_HEADER = YES;
				CLANG_WARN_RANGE_LOOP_ANALYSIS = YES;
				CLANG_WARN_STRICT_PROTOTYPES = YES;
				CLANG_WARN_SUSPICIOUS_MOVE = YES;
				CLANG_WARN_UNGUARDED_AVAILABILITY = YES_AGGRESSIVE;
				CLANG_WARN_UNREACHABLE_CODE = YES;
				CLANG_WARN__DUPLICATE_METHOD_MATCH = YES;
				COPY_PHASE_STRIP = NO;
				DEBUG_INFORMATION_FORMAT = "dwarf-with-dsym";
				ENABLE_NS_ASSERTIONS = NO;
				ENABLE_STRICT_OBJC_MSGSEND = YES;
				GCC_C_LANGUAGE_STANDARD = gnu11;
				GCC_NO_COMMON_BLOCKS = YES;
				GCC_WARN_64_TO_32_BIT_CONVERSION = YES;
				GCC_WARN_ABOUT_RETURN_TYPE = YES_ERROR;
				GCC_WARN_UNDECLARED_SELECTOR = YES;
				GCC_WARN_UNINITIALIZED_AUTOS = YES_AGGRESSIVE;
				GCC_WARN_UNUSED_FUNCTION = YES;
				GCC_WARN_UNUSED_VARIABLE = YES;
				IPHONEOS_DEPLOYMENT_TARGET = 15.5;
				MTL_ENABLE_DEBUG_INFO = NO;
				MTL_FAST_MATH = YES;
				SDKROOT = iphoneos;
				SWIFT_COMPILATION_MODE = wholemodule;
				SWIFT_OPTIMIZATION_LEVEL = "-O";
				VALIDATE_PRODUCT = YES;
			};
			name = Release;
		};
		D091F1F7287D624A0011143C /* Debug */ = {
			isa = XCBuildConfiguration;
			baseConfigurationReference = 7D97E29C4702A3150C072DF2 /* Pods-Pass to Valhalla.debug.xcconfig */;
			buildSettings = {
				ASSETCATALOG_COMPILER_APPICON_NAME = AppIcon;
				ASSETCATALOG_COMPILER_GLOBAL_ACCENT_COLOR_NAME = AccentColor;
				CODE_SIGN_STYLE = Automatic;
				CURRENT_PROJECT_VERSION = 1;
				DEVELOPMENT_TEAM = 2S52Q5VDX5;
				GENERATE_INFOPLIST_FILE = YES;
				INFOPLIST_FILE = "Pass to Valhalla/Info.plist";
				INFOPLIST_KEY_UIApplicationSupportsIndirectInputEvents = YES;
				INFOPLIST_KEY_UILaunchStoryboardName = LaunchScreen;
				INFOPLIST_KEY_UISupportedInterfaceOrientations_iPad = "UIInterfaceOrientationPortrait UIInterfaceOrientationPortraitUpsideDown UIInterfaceOrientationLandscapeLeft UIInterfaceOrientationLandscapeRight";
				INFOPLIST_KEY_UISupportedInterfaceOrientations_iPhone = "UIInterfaceOrientationPortrait UIInterfaceOrientationLandscapeLeft UIInterfaceOrientationLandscapeRight";
				IPHONEOS_DEPLOYMENT_TARGET = 14.0;
				LD_RUNPATH_SEARCH_PATHS = (
					"$(inherited)",
					"@executable_path/Frameworks",
				);
				MARKETING_VERSION = 1.0;
				PRODUCT_BUNDLE_IDENTIFIER = "com.a.pride.Pass-to-Valhalla";
				PRODUCT_NAME = "$(TARGET_NAME)";
				SWIFT_EMIT_LOC_STRINGS = YES;
				SWIFT_VERSION = 5.0;
				TARGETED_DEVICE_FAMILY = 1;
			};
			name = Debug;
		};
		D091F1F8287D624A0011143C /* Release */ = {
			isa = XCBuildConfiguration;
			baseConfigurationReference = E3771184BB44FA7FA99C8F6C /* Pods-Pass to Valhalla.release.xcconfig */;
			buildSettings = {
				ASSETCATALOG_COMPILER_APPICON_NAME = AppIcon;
				ASSETCATALOG_COMPILER_GLOBAL_ACCENT_COLOR_NAME = AccentColor;
				CODE_SIGN_STYLE = Automatic;
				CURRENT_PROJECT_VERSION = 1;
				DEVELOPMENT_TEAM = 2S52Q5VDX5;
				GENERATE_INFOPLIST_FILE = YES;
				INFOPLIST_FILE = "Pass to Valhalla/Info.plist";
				INFOPLIST_KEY_UIApplicationSupportsIndirectInputEvents = YES;
				INFOPLIST_KEY_UILaunchStoryboardName = LaunchScreen;
				INFOPLIST_KEY_UISupportedInterfaceOrientations_iPad = "UIInterfaceOrientationPortrait UIInterfaceOrientationPortraitUpsideDown UIInterfaceOrientationLandscapeLeft UIInterfaceOrientationLandscapeRight";
				INFOPLIST_KEY_UISupportedInterfaceOrientations_iPhone = "UIInterfaceOrientationPortrait UIInterfaceOrientationLandscapeLeft UIInterfaceOrientationLandscapeRight";
				IPHONEOS_DEPLOYMENT_TARGET = 14.0;
				LD_RUNPATH_SEARCH_PATHS = (
					"$(inherited)",
					"@executable_path/Frameworks",
				);
				MARKETING_VERSION = 1.0;
				PRODUCT_BUNDLE_IDENTIFIER = "com.a.pride.Pass-to-Valhalla";
				PRODUCT_NAME = "$(TARGET_NAME)";
				SWIFT_EMIT_LOC_STRINGS = YES;
				SWIFT_VERSION = 5.0;
				TARGETED_DEVICE_FAMILY = 1;
			};
			name = Release;
		};
/* End XCBuildConfiguration section */

/* Begin XCConfigurationList section */
		D091F1DD287D62400011143C /* Build configuration list for PBXProject "Pass to Valhalla" */ = {
			isa = XCConfigurationList;
			buildConfigurations = (
				D091F1F4287D624A0011143C /* Debug */,
				D091F1F5287D624A0011143C /* Release */,
			);
			defaultConfigurationIsVisible = 0;
			defaultConfigurationName = Release;
		};
		D091F1F6287D624A0011143C /* Build configuration list for PBXNativeTarget "Pass to Valhalla" */ = {
			isa = XCConfigurationList;
			buildConfigurations = (
				D091F1F7287D624A0011143C /* Debug */,
				D091F1F8287D624A0011143C /* Release */,
			);
			defaultConfigurationIsVisible = 0;
			defaultConfigurationName = Release;
		};
/* End XCConfigurationList section */
	};
	rootObject = D091F1DA287D62400011143C /* Project object */;
}
